
Microsoft Visual Studio Solution File, Format Version 12.00
# Visual Studio Version 17
VisualStudioVersion = 17.5.002.0
MinimumVisualStudioVersion = 10.0.40219.1
Project("{9A19103F-16F7-4668-BE54-9A1E7A4F7556}") = "Task1", "Task1\Task1.csproj", "{D6B11319-A97E-46A4-A7EA-7028CD4AF427}"
EndProject
Project("{9A19103F-16F7-4668-BE54-9A1E7A4F7556}") = "Task2", "Task2\Task2.csproj", "{547423F8-B9A3-4BE1-B84A-8F348FECD888}"
EndProject
Project("{9A19103F-16F7-4668-BE54-9A1E7A4F7556}") = "Task3", "Task3\Task3.csproj", "{E14661DB-0B0F-49D7-A378-49614666A848}"
EndProject
Project("{9A19103F-16F7-4668-BE54-9A1E7A4F7556}") = "Task4", "Task4\Task4.csproj", "{CD5647CC-C37D-42EF-8510-F8291286C715}"
EndProject
Global
	GlobalSection(SolutionConfigurationPlatforms) = preSolution
		Debug|Any CPU = Debug|Any CPU
		Release|Any CPU = Release|Any CPU
	EndGlobalSection
	GlobalSection(ProjectConfigurationPlatforms) = postSolution
		{D6B11319-A97E-46A4-A7EA-7028CD4AF427}.Debug|Any CPU.ActiveCfg = Debug|Any CPU
		{D6B11319-A97E-46A4-A7EA-7028CD4AF427}.Debug|Any CPU.Build.0 = Debug|Any CPU
		{D6B11319-A97E-46A4-A7EA-7028CD4AF427}.Release|Any CPU.ActiveCfg = Release|Any CPU
		{D6B11319-A97E-46A4-A7EA-7028CD4AF427}.Release|Any CPU.Build.0 = Release|Any CPU
		{547423F8-B9A3-4BE1-B84A-8F348FECD888}.Debug|Any CPU.ActiveCfg = Debug|Any CPU
		{547423F8-B9A3-4BE1-B84A-8F348FECD888}.Debug|Any CPU.Build.0 = Debug|Any CPU
		{547423F8-B9A3-4BE1-B84A-8F348FECD888}.Release|Any CPU.ActiveCfg = Release|Any CPU
		{547423F8-B9A3-4BE1-B84A-8F348FECD888}.Release|Any CPU.Build.0 = Release|Any CPU
		{E14661DB-0B0F-49D7-A378-49614666A848}.Debug|Any CPU.ActiveCfg = Debug|Any CPU
		{E14661DB-0B0F-49D7-A378-49614666A848}.Debug|Any CPU.Build.0 = Debug|Any CPU
		{E14661DB-0B0F-49D7-A378-49614666A848}.Release|Any CPU.ActiveCfg = Release|Any CPU
		{E14661DB-0B0F-49D7-A378-49614666A848}.Release|Any CPU.Build.0 = Release|Any CPU
		{CD5647CC-C37D-42EF-8510-F8291286C715}.Debug|Any CPU.ActiveCfg = Debug|Any CPU
		{CD5647CC-C37D-42EF-8510-F8291286C715}.Debug|Any CPU.Build.0 = Debug|Any CPU
		{CD5647CC-C37D-42EF-8510-F8291286C715}.Release|Any CPU.ActiveCfg = Release|Any CPU
		{CD5647CC-C37D-42EF-8510-F8291286C715}.Release|Any CPU.Build.0 = Release|Any CPU
	EndGlobalSection
	GlobalSection(SolutionProperties) = preSolution
		HideSolutionNode = FALSE
	EndGlobalSection
	GlobalSection(ExtensibilityGlobals) = postSolution
		SolutionGuid = {220F53B4-F53A-4195-9C80-63B47C59A176}
	EndGlobalSection
EndGlobal
